Microsoft Visual Studio Solution File, Format Version 12.00
# Visual Studio Version 16
VisualStudioVersion = 16.0.29519.87
MinimumVisualStudioVersion = 10.0.40219.1
Project("{FAE04EC0-301F-11D3-BF4B-00C04F79EFBC}") = "GameOfLife", "GameOfLife\GameOfLife.csproj", "{93804524-929F-41B6-B489-00B7DA7F37DC}"
EndProject
Global
	GlobalSection(SolutionConfigurationPlatforms) = preSolution
		Debug|anycpu = Debug|anycpu
		Release|anycpu = Release|anycpu
	EndGlobalSection
	GlobalSection(ProjectConfigurationPlatforms) = postSolution
		{93804524-929F-41B6-B489-00B7DA7F37DC}.Debug|anycpu.ActiveCfg = Debug|Any CPU
		{93804524-929F-41B6-B489-00B7DA7F37DC}.Debug|anycpu.Build.0 = Debug|Any CPU
		{93804524-929F-41B6-B489-00B7DA7F37DC}.Release|anycpu.ActiveCfg = Release|Any CPU
		{93804524-929F-41B6-B489-00B7DA7F37DC}.Release|anycpu.Build.0 = Release|Any CPU
	EndGlobalSection
	GlobalSection(SolutionProperties) = preSolution
		HideSolutionNode = FALSE
	EndGlobalSection
	GlobalSection(ExtensibilityGlobals) = postSolution
		SolutionGuid = {1D6288EE-58CE-4217-B0CB-CE0C79820B56}
	EndGlobalSection
EndGlobal
